{
  "name": "HRW_theater",
  "lockfileVersion": 3,
  "requires": true,
  "packages": {
    "": {
      "dependencies": {
        "jquery": "^1.12.3"
      }
    },
    "node_modules/jquery": {
      "version": "1.12.3",
      "resolved": "https://registry.npmjs.org/jquery/-/jquery-1.12.3.tgz",
      "integrity": "sha512-FzM42/Ew+Hb8ha2OlhHRBLgWIZS32gZ0+NvWTf+ZvVvGaIlJkOiXQyb7VBjv4L6fJfmTrRf3EsAmbfsHDhfemw=="
    }
  }
}
